// !$*UTF8*$!
{
	archiveVersion = 1;
	classes = {
	};
	objectVersion = 50;
	objects = {

/* Begin PBXBuildFile section */
		BB85EF9824F3108C004A6913 /* AppDelegate.swift in Sources */ = {isa = PBXBuildFile; fileRef = BB85EF9724F3108C004A6913 /* AppDelegate.swift */; };
		BB85EF9A24F3108C004A6913 /* SceneDelegate.swift in Sources */ = {isa = PBXBuildFile; fileRef = BB85EF9924F3108C004A6913 /* SceneDelegate.swift */; };
		BB85EF9C24F3108C004A6913 /* ViewController.swift in Sources */ = {isa = PBXBuildFile; fileRef = BB85EF9B24F3108C004A6913 /* ViewController.swift */; };
		BB85EF9F24F3108C004A6913 /* Main.storyboard in Resources */ = {isa = PBXBuildFile; fileRef = BB85EF9D24F3108C004A6913 /* Main.storyboard */; };
		BB85EFA124F31095004A6913 /* Assets.xcassets in Resources */ = {isa = PBXBuildFile; fileRef = BB85EFA024F31095004A6913 /* Assets.xcassets */; };
		BB85EFA424F31095004A6913 /* LaunchScreen.storyboard in Resources */ = {isa = PBXBuildFile; fileRef = BB85EFA224F31095004A6913 /* LaunchScreen.storyboard */; };
		BB85EFAF24F31096004A6913 /* tipTests.swift in Sources */ = {isa = PBXBuildFile; fileRef = BB85EFAE24F31096004A6913 /* tipTests.swift */; };
		BB85EFBA24F31096004A6913 /* tipUITests.swift in Sources */ = {isa = PBXBuildFile; fileRef = BB85EFB924F31096004A6913 /* tipUITests.swift */; };
		BB85EFC825069351004A6913 /* SettingsViewController.swift in Sources */ = {isa = PBXBuildFile; fileRef = BB85EFC725069351004A6913 /* SettingsViewController.swift */; };
/* End PBXBuildFile section */

/* Begin PBXContainerItemProxy section */
		BB85EFAB24F31096004A6913 /* PBXContainerItemProxy */ = {
			isa = PBXContainerItemProxy;
			containerPortal = BB85EF8C24F3108C004A6913 /* Project object */;
			proxyType = 1;
			remoteGlobalIDString = BB85EF9324F3108C004A6913;
			remoteInfo = tip;
		};
		BB85EFB624F31096004A6913 /* PBXContainerItemProxy */ = {
			isa = PBXContainerItemProxy;
			containerPortal = BB85EF8C24F3108C004A6913 /* Project object */;
			proxyType = 1;
			remoteGlobalIDString = BB85EF9324F3108C004A6913;
			remoteInfo = tip;
		};
/* End PBXContainerItemProxy section */

/* Begin PBXFileReference section */
		BB85EF9424F3108C004A6913 /* tip.app */ = {isa = PBXFileReference; explicitFileType = wrapper.application; includeInIndex = 0; path = tip.app; sourceTree = BUILT_PRODUCTS_DIR; };
		BB85EF9724F3108C004A6913 /* AppDelegate.swift */ = {isa = PBXFileReference; lastKnownFileType = sourcecode.swift; path = AppDelegate.swift; sourceTree = "<group>"; };
		BB85EF9924F3108C004A6913 /* SceneDelegate.swift */ = {isa = PBXFileReference; lastKnownFileType = sourcecode.swift; path = SceneDelegate.swift; sourceTree = "<group>"; };
		BB85EF9B24F3108C004A6913 /* ViewController.swift */ = {isa = PBXFileReference; lastKnownFileType = sourcecode.swift; path = ViewController.swift; sourceTree = "<group>"; };
		BB85EF9E24F3108C004A6913 /* Base */ = {isa = PBXFileReference; lastKnownFileType = file.storyboard; name = Base; path = Base.lproj/Main.storyboard; sourceTree = "<group>"; };
		BB85EFA024F31095004A6913 /* Assets.xcassets */ = {isa = PBXFileReference; lastKnownFileType = folder.assetcatalog; path = Assets.xcassets; sourceTree = "<group>"; };
		BB85EFA324F31095004A6913 /* Base */ = {isa = PBXFileReference; lastKnownFileType = file.storyboard; name = Base; path = Base.lproj/LaunchScreen.storyboard; sourceTree = "<group>"; };
		BB85EFA524F31095004A6913 /* Info.plist */ = {isa = PBXFileReference; lastKnownFileType = text.plist.xml; path = Info.plist; sourceTree = "<group>"; };
		BB85EFAA24F31096004A6913 /* tipTests.xctest */ = {isa = PBXFileReference; explicitFileType = wrapper.cfbundle; includeInIndex = 0; path = tipTests.xctest; sourceTree = BUILT_PRODUCTS_DIR; };
		BB85EFAE24F31096004A6913 /* tipTests.swift */ = {isa = PBXFileReference; lastKnownFileType = sourcecode.swift; path = tipTests.swift; sourceTree = "<group>"; };
		BB85EFB024F31096004A6913 /* Info.plist */ = {isa = PBXFileReference; lastKnownFileType = text.plist.xml; path = Info.plist; sourceTree = "<group>"; };
		BB85EFB524F31096004A6913 /* tipUITests.xctest */ = {isa = PBXFileReference; explicitFileType = wrapper.cfbundle; includeInIndex = 0; path = tipUITests.xctest; sourceTree = BUILT_PRODUCTS_DIR; };
		BB85EFB924F31096004A6913 /* tipUITests.swift */ = {isa = PBXFileReference; lastKnownFileType = sourcecode.swift; path = tipUITests.swift; sourceTree = "<group>"; };
		BB85EFBB24F31096004A6913 /* Info.plist */ = {isa = PBXFileReference; lastKnownFileType = text.plist.xml; path = Info.plist; sourceTree = "<group>"; };
		BB85EFC725069351004A6913 /* SettingsViewController.swift */ = {isa = PBXFileReference; lastKnownFileType = sourcecode.swift; path = SettingsViewController.swift; sourceTree = "<group>"; };
/* End PBXFileReference section */

/* Begin PBXFrameworksBuildPhase section */
		BB85EF9124F3108C004A6913 /* Frameworks */ = {
			isa = PBXFrameworksBuildPhase;
			buildActionMask = 2147483647;
			files = (
			);
			runOnlyForDeploymentPostprocessing = 0;
		};
		BB85EFA724F31096004A6913 /* Frameworks */ = {
			isa = PBXFrameworksBuildPhase;
			buildActionMask = 2147483647;
			files = (
			);
			runOnlyForDeploymentPostprocessing = 0;
		};
		BB85EFB224F31096004A6913 /* Frameworks */ = {
			isa = PBXFrameworksBuildPhase;
			buildActionMask = 2147483647;
			files = (
			);
			runOnlyForDeploymentPostprocessing = 0;
		};
/* End PBXFrameworksBuildPhase section */

/* Begin PBXGroup section */
		BB85EF8B24F3108C004A6913 = {
			isa = PBXGroup;
			children = (
				BB85EF9624F3108C004A6913 /* tip */,
				BB85EFAD24F31096004A6913 /* tipTests */,
				BB85EFB824F31096004A6913 /* tipUITests */,
				BB85EF9524F3108C004A6913 /* Products */,
			);
			sourceTree = "<group>";
		};
		BB85EF9524F3108C004A6913 /* Products */ = {
			isa = PBXGroup;
			children = (
				BB85EF9424F3108C004A6913 /* tip.app */,
				BB85EFAA24F31096004A6913 /* tipTests.xctest */,
				BB85EFB524F31096004A6913 /* tipUITests.xctest */,
			);
			name = Products;
			sourceTree = "<group>";
		};
		BB85EF9624F3108C004A6913 /* tip */ = {
			isa = PBXGroup;
			children = (
				BB85EF9724F3108C004A6913 /* AppDelegate.swift */,
				BB85EF9924F3108C004A6913 /* SceneDelegate.swift */,
				BB85EF9B24F3108C004A6913 /* ViewController.swift */,
				BB85EF9D24F3108C004A6913 /* Main.storyboard */,
				BB85EFC725069351004A6913 /* SettingsViewController.swift */,
				BB85EFA024F31095004A6913 /* Assets.xcassets */,
				BB85EFA224F31095004A6913 /* LaunchScreen.storyboard */,
				BB85EFA524F31095004A6913 /* Info.plist */,
			);
			path = tip;
			sourceTree = "<group>";
		};
		BB85EFAD24F31096004A6913 /* tipTests */ = {
			isa = PBXGroup;
			children = (
				BB85EFAE24F31096004A6913 /* tipTests.swift */,
				BB85EFB024F31096004A6913 /* Info.plist */,
			);
			path = tipTests;
			sourceTree = "<group>";
		};
		BB85EFB824F31096004A6913 /* tipUITests */ = {
			isa = PBXGroup;
			children = (
				BB85EFB924F31096004A6913 /* tipUITests.swift */,
				BB85EFBB24F31096004A6913 /* Info.plist */,
			);
			path = tipUITests;
			sourceTree = "<group>";
		};
/* End PBXGroup section */

/* Begin PBXNativeTarget section */
		BB85EF9324F3108C004A6913 /* tip */ = {
			isa = PBXNativeTarget;
			buildConfigurationList = BB85EFBE24F31096004A6913 /* Build configuration list for PBXNativeTarget "tip" */;
			buildPhases = (
				BB85EF9024F3108C004A6913 /* Sources */,
				BB85EF9124F3108C004A6913 /* Frameworks */,
				BB85EF9224F3108C004A6913 /* Resources */,
			);
			buildRules = (
			);
			dependencies = (
			);
			name = tip;
			productName = tip;
			productReference = BB85EF9424F3108C004A6913 /* tip.app */;
			productType = "com.apple.product-type.application";
		};
		BB85EFA924F31096004A6913 /* tipTests */ = {
			isa = PBXNativeTarget;
			buildConfigurationList = BB85EFC124F31096004A6913 /* Build configuration list for PBXNativeTarget "tipTests" */;
			buildPhases = (
				BB85EFA624F31096004A6913 /* Sources */,
				BB85EFA724F31096004A6913 /* Frameworks */,
				BB85EFA824F31096004A6913 /* Resources */,
			);
			buildRules = (
			);
			dependencies = (
				BB85EFAC24F31096004A6913 /* PBXTargetDependency */,
			);
			name = tipTests;
			productName = tipTests;
			productReference = BB85EFAA24F31096004A6913 /* tipTests.xctest */;
			productType = "com.apple.product-type.bundle.unit-test";
		};
		BB85EFB424F31096004A6913 /* tipUITests */ = {
			isa = PBXNativeTarget;
			buildConfigurationList = BB85EFC424F31096004A6913 /* Build configuration list for PBXNativeTarget "tipUITests" */;
			buildPhases = (
				BB85EFB124F31096004A6913 /* Sources */,
				BB85EFB224F31096004A6913 /* Frameworks */,
				BB85EFB324F31096004A6913 /* Resources */,
			);
			buildRules = (
			);
			dependencies = (
				BB85EFB724F31096004A6913 /* PBXTargetDependency */,
			);
			name = tipUITests;
			productName = tipUITests;
			productReference = BB85EFB524F31096004A6913 /* tipUITests.xctest */;
			productType = "com.apple.product-type.bundle.ui-testing";
		};
/* End PBXNativeTarget section */

/* Begin PBXProject section */
		BB85EF8C24F3108C004A6913 /* Project object */ = {
			isa = PBXProject;
			attributes = {
				LastSwiftUpdateCheck = 1160;
				LastUpgradeCheck = 1160;
				ORGANIZATIONNAME = Codepath;
				TargetAttributes = {
					BB85EF9324F3108C004A6913 = {
						CreatedOnToolsVersion = 11.6;
					};
					BB85EFA924F31096004A6913 = {
						CreatedOnToolsVersion = 11.6;
						TestTargetID = BB85EF9324F3108C004A6913;
					};
					BB85EFB424F31096004A6913 = {
						CreatedOnToolsVersion = 11.6;
						TestTargetID = BB85EF9324F3108C004A6913;
					};
				};
			};
			buildConfigurationList = BB85EF8F24F3108C004A6913 /* Build configuration list for PBXProject "tip" */;
			compatibilityVersion = "Xcode 9.3";
			developmentRegion = en;
			hasScannedForEncodings = 0;
			knownRegions = (
				en,
				Base,
			);
			mainGroup = BB85EF8B24F3108C004A6913;
			productRefGroup = BB85EF9524F3108C004A6913 /* Products */;
			projectDirPath = "";
			projectRoot = "";
			targets = (
				BB85EF9324F3108C004A6913 /* tip */,
				BB85EFA924F31096004A6913 /* tipTests */,
				BB85EFB424F31096004A6913 /* tipUITests */,
			);
		};
/* End PBXProject section */

/* Begin PBXResourcesBuildPhase section */
		BB85EF9224F3108C004A6913 /* Resources */ = {
			isa = PBXResourcesBuildPhase;
			buildActionMask = 2147483647;
			files = (
				BB85EFA424F31095004A6913 /* LaunchScreen.storyboard in Resources */,
				BB85EFA124F31095004A6913 /* Assets.xcassets in Resources */,
				BB85EF9F24F3108C004A6913 /* Main.storyboard in Resources */,
			);
			runOnlyForDeploymentPostprocessing = 0;
		};
		BB85EFA824F31096004A6913 /* Resources */ = {
			isa = PBXResourcesBuildPhase;
			buildActionMask = 2147483647;
			files = (
			);
			runOnlyForDeploymentPostprocessing = 0;
		};
		BB85EFB324F31096004A6913 /* Resources */ = {
			isa = PBXResourcesBuildPhase;
			buildActionMask = 2147483647;
			files = (
			);
			runOnlyForDeploymentPostprocessing = 0;
		};
/* End PBXResourcesBuildPhase section */

/* Begin PBXSourcesBuildPhase section */
		BB85EF9024F3108C004A6913 /* Sources */ = {
			isa = PBXSourcesBuildPhase;
			buildActionMask = 2147483647;
			files = (
				BB85EF9C24F3108C004A6913 /* ViewController.swift in Sources */,
				BB85EF9824F3108C004A6913 /* AppDelegate.swift in Sources */,
				BB85EF9A24F3108C004A6913 /* SceneDelegate.swift in Sources */,
				BB85EFC825069351004A6913 /* SettingsViewController.swift in Sources */,
			);
			runOnlyForDeploymentPostprocessing = 0;
		};
		BB85EFA624F31096004A6913 /* Sources */ = {
			isa = PBXSourcesBuildPhase;
			buildActionMask = 2147483647;
			files = (
				BB85EFAF24F31096004A6913 /* tipTests.swift in Sources */,
			);
			runOnlyForDeploymentPostprocessing = 0;
		};
		BB85EFB124F31096004A6913 /* Sources */ = {
			isa = PBXSourcesBuildPhase;
			buildActionMask = 2147483647;
			files = (
				BB85EFBA24F31096004A6913 /* tipUITests.swift in Sources */,
			);
			runOnlyForDeploymentPostprocessing = 0;
		};
/* End PBXSourcesBuildPhase section */

/* Begin PBXTargetDependency section */
		BB85EFAC24F31096004A6913 /* PBXTargetDependency */ = {
			isa = PBXTargetDependency;
			target = BB85EF9324F3108C004A6913 /* tip */;
			targetProxy = BB85EFAB24F31096004A6913 /* PBXContainerItemProxy */;
		};
		BB85EFB724F31096004A6913 /* PBXTargetDependency */ = {
			isa = PBXTargetDependency;
			target = BB85EF9324F3108C004A6913 /* tip */;
			targetProxy = BB85EFB624F31096004A6913 /* PBXContainerItemProxy */;
		};
/* End PBXTargetDependency section */

/* Begin PBXVariantGroup section */
		BB85EF9D24F3108C004A6913 /* Main.storyboard */ = {
			isa = PBXVariantGroup;
			children = (
				BB85EF9E24F3108C004A6913 /* Base */,
			);
			name = Main.storyboard;
			sourceTree = "<group>";
		};
		BB85EFA224F31095004A6913 /* LaunchScreen.storyboard */ = {
			isa = PBXVariantGroup;
			children = (
				BB85EFA324F31095004A6913 /* Base */,
			);
			name = LaunchScreen.storyboard;
			sourceTree = "<group>";
		};
/* End PBXVariantGroup section */

/* Begin XCBuildConfiguration section */
		BB85EFBC24F31096004A6913 /* Debug */ = {
			isa = XCBuildConfiguration;
			buildSettings = {
				ALWAYS_SEARCH_USER_PATHS = NO;
				CLANG_ANALYZER_NONNULL = YES;
				CLANG_ANALYZER_NUMBER_OBJECT_CONVERSION = YES_AGGRESSIVE;
				CLANG_CXX_LANGUAGE_STANDARD = "gnu++14";
				CLANG_CXX_LIBRARY = "libc++";
				CLANG_ENABLE_MODULES = YES;
				CLANG_ENABLE_OBJC_ARC = YES;
				CLANG_ENABLE_OBJC_WEAK = YES;
				CLANG_WARN_BLOCK_CAPTURE_AUTORELEASING = YES;
				CLANG_WARN_BOOL_CONVERSION = YES;
				CLANG_WARN_COMMA = YES;
				CLANG_WARN_CONSTANT_CONVERSION = YES;
				CLANG_WARN_DEPRECATED_OBJC_IMPLEMENTATIONS = YES;
				CLANG_WARN_DIRECT_OBJC_ISA_USAGE = YES_ERROR;
				CLANG_WARN_DOCUMENTATION_COMMENTS = YES;
				CLANG_WARN_EMPTY_BODY = YES;
				CLANG_WARN_ENUM_CONVERSION = YES;
				CLANG_WARN_INFINITE_RECURSION = YES;
				CLANG_WARN_INT_CONVERSION = YES;
				CLANG_WARN_NON_LITERAL_NULL_CONVERSION = YES;
				CLANG_WARN_OBJC_IMPLICIT_RETAIN_SELF = YES;
				CLANG_WARN_OBJC_LITERAL_CONVERSION = YES;
				CLANG_WARN_OBJC_ROOT_CLASS = YES_ERROR;
				CLANG_WARN_RANGE_LOOP_ANALYSIS = YES;
				CLANG_WARN_STRICT_PROTOTYPES = YES;
				CLANG_WARN_SUSPICIOUS_MOVE = YES;
				CLANG_WARN_UNGUARDED_AVAILABILITY = YES_AGGRESSIVE;
				CLANG_WARN_UNREACHABLE_CODE = YES;
				CLANG_WARN__DUPLICATE_METHOD_MATCH = YES;
				COPY_PHASE_STRIP = NO;
				DEBUG_INFORMATION_FORMAT = dwarf;
				ENABLE_STRICT_OBJC_MSGSEND = YES;
				ENABLE_TESTABILITY = YES;
				GCC_C_LANGUAGE_STANDARD = gnu11;
				GCC_DYNAMIC_NO_PIC = NO;
				GCC_NO_COMMON_BLOCKS = YES;
				GCC_OPTIMIZATION_LEVEL = 0;
				GCC_PREPROCESSOR_DEFINITIONS = (
					"DEBUG=1",
					"$(inherited)",
				);
				GCC_WARN_64_TO_32_BIT_CONVERSION = YES;
				GCC_WARN_ABOUT_RETURN_TYPE = YES_ERROR;
				GCC_WARN_UNDECLARED_SELECTOR = YES;
				GCC_WARN_UNINITIALIZED_AUTOS = YES_AGGRESSIVE;
				GCC_WARN_UNUSED_FUNCTION = YES;
				GCC_WARN_UNUSED_VARIABLE = YES;
				IPHONEOS_DEPLOYMENT_TARGET = 13.6;
				MTL_ENABLE_DEBUG_INFO = INCLUDE_SOURCE;
				MTL_FAST_MATH = YES;
				ONLY_ACTIVE_ARCH = YES;
				SDKROOT = iphoneos;
				SWIFT_ACTIVE_COMPILATION_CONDITIONS = DEBUG;
				SWIFT_OPTIMIZATION_LEVEL = "-Onone";
			};
			name = Debug;
		};
		BB85EFBD24F31096004A6913 /* Release */ = {
			isa = XCBuildConfiguration;
			buildSettings = {
				ALWAYS_SEARCH_USER_PATHS = NO;
				CLANG_ANALYZER_NONNULL = YES;
				CLANG_ANALYZER_NUMBER_OBJECT_CONVERSION = YES_AGGRESSIVE;
				CLANG_CXX_LANGUAGE_STANDARD = "gnu++14";
				CLANG_CXX_LIBRARY = "libc++";
				CLANG_ENABLE_MODULES = YES;
				CLANG_ENABLE_OBJC_ARC = YES;
				CLANG_ENABLE_OBJC_WEAK = YES;
				CLANG_WARN_BLOCK_CAPTURE_AUTORELEASING = YES;
				CLANG_WARN_BOOL_CONVERSION = YES;
				CLANG_WARN_COMMA = YES;
				CLANG_WARN_CONSTANT_CONVERSION = YES;
				CLANG_WARN_DEPRECATED_OBJC_IMPLEMENTATIONS = YES;
				CLANG_WARN_DIRECT_OBJC_ISA_USAGE = YES_ERROR;
				CLANG_WARN_DOCUMENTATION_COMMENTS = YES;
				CLANG_WARN_EMPTY_BODY = YES;
				CLANG_WARN_ENUM_CONVERSION = YES;
				CLANG_WARN_INFINITE_RECURSION = YES;
				CLANG_WARN_INT_CONVERSION = YES;
				CLANG_WARN_NON_LITERAL_NULL_CONVERSION = YES;
				CLANG_WARN_OBJC_IMPLICIT_RETAIN_SELF = YES;
				CLANG_WARN_OBJC_LITERAL_CONVERSION = YES;
				CLANG_WARN_OBJC_ROOT_CLASS = YES_ERROR;
				CLANG_WARN_RANGE_LOOP_ANALYSIS = YES;
				CLANG_WARN_STRICT_PROTOTYPES = YES;
				CLANG_WARN_SUSPICIOUS_MOVE = YES;
				CLANG_WARN_UNGUARDED_AVAILABILITY = YES_AGGRESSIVE;
				CLANG_WARN_UNREACHABLE_CODE = YES;
				CLANG_WARN__DUPLICATE_METHOD_MATCH = YES;
				COPY_PHASE_STRIP = NO;
				DEBUG_INFORMATION_FORMAT = "dwarf-with-dsym";
				ENABLE_NS_ASSERTIONS = NO;
				ENABLE_STRICT_OBJC_MSGSEND = YES;
				GCC_C_LANGUAGE_STANDARD = gnu11;
				GCC_NO_COMMON_BLOCKS = YES;
				GCC_WARN_64_TO_32_BIT_CONVERSION = YES;
				GCC_WARN_ABOUT_RETURN_TYPE = YES_ERROR;
				GCC_WARN_UNDECLARED_SELECTOR = YES;
				GCC_WARN_UNINITIALIZED_AUTOS = YES_AGGRESSIVE;
				GCC_WARN_UNUSED_FUNCTION = YES;
				GCC_WARN_UNUSED_VARIABLE = YES;
				IPHONEOS_DEPLOYMENT_TARGET = 13.6;
				MTL_ENABLE_DEBUG_INFO = NO;
				MTL_FAST_MATH = YES;
				SDKROOT = iphoneos;
				SWIFT_COMPILATION_MODE = wholemodule;
				SWIFT_OPTIMIZATION_LEVEL = "-O";
				VALIDATE_PRODUCT = YES;
			};
			name = Release;
		};
		BB85EFBF24F31096004A6913 /* Debug */ = {
			isa = XCBuildConfiguration;
			buildSettings = {
				ASSETCATALOG_COMPILER_APPICON_NAME = AppIcon;
				CODE_SIGN_STYLE = Automatic;
				INFOPLIST_FILE = tip/Info.plist;
				LD_RUNPATH_SEARCH_PATHS = (
					"$(inherited)",
					"@executable_path/Frameworks",
				);
				PRODUCT_BUNDLE_IDENTIFIER = Codepath.tip;
				PRODUCT_NAME = "$(TARGET_NAME)";
				SWIFT_VERSION = 5.0;
				TARGETED_DEVICE_FAMILY = "1,2";
			};
			name = Debug;
		};
		BB85EFC024F31096004A6913 /* Release */ = {
			isa = XCBuildConfiguration;
			buildSettings = {
				ASSETCATALOG_COMPILER_APPICON_NAME = AppIcon;
				CODE_SIGN_STYLE = Automatic;
				INFOPLIST_FILE = tip/Info.plist;
				LD_RUNPATH_SEARCH_PATHS = (
					"$(inherited)",
					"@executable_path/Frameworks",
				);
				PRODUCT_BUNDLE_IDENTIFIER = Codepath.tip;
				PRODUCT_NAME = "$(TARGET_NAME)";
				SWIFT_VERSION = 5.0;
				TARGETED_DEVICE_FAMILY = "1,2";
			};
			name = Release;
		};
		BB85EFC224F31096004A6913 /* Debug */ = {
			isa = XCBuildConfiguration;
			buildSettings = {
				ALWAYS_EMBED_SWIFT_STANDARD_LIBRARIES = YES;
				BUNDLE_LOADER = "$(TEST_HOST)";
				CODE_SIGN_STYLE = Automatic;
				INFOPLIST_FILE = tipTests/Info.plist;
				IPHONEOS_DEPLOYMENT_TARGET = 13.6;
				LD_RUNPATH_SEARCH_PATHS = (
					"$(inherited)",
					"@executable_path/Frameworks",
					"@loader_path/Frameworks",
				);
				PRODUCT_BUNDLE_IDENTIFIER = Codepath.tipTests;
				PRODUCT_NAME = "$(TARGET_NAME)";
				SWIFT_VERSION = 5.0;
				TARGETED_DEVICE_FAMILY = "1,2";
				TEST_HOST = "$(BUILT_PRODUCTS_DIR)/tip.app/tip";
			};
			name = Debug;
		};
		BB85EFC324F31096004A6913 /* Release */ = {
			isa = XCBuildConfiguration;
			buildSettings = {
				ALWAYS_EMBED_SWIFT_STANDARD_LIBRARIES = YES;
				BUNDLE_LOADER = "$(TEST_HOST)";
				CODE_SIGN_STYLE = Automatic;
				INFOPLIST_FILE = tipTests/Info.plist;
				IPHONEOS_DEPLOYMENT_TARGET = 13.6;
				LD_RUNPATH_SEARCH_PATHS = (
					"$(inherited)",
					"@executable_path/Frameworks",
					"@loader_path/Frameworks",
				);
				PRODUCT_BUNDLE_IDENTIFIER = Codepath.tipTests;
				PRODUCT_NAME = "$(TARGET_NAME)";
				SWIFT_VERSION = 5.0;
				TARGETED_DEVICE_FAMILY = "1,2";
				TEST_HOST = "$(BUILT_PRODUCTS_DIR)/tip.app/tip";
			};
			name = Release;
		};
		BB85EFC524F31096004A6913 /* Debug */ = {
			isa = XCBuildConfiguration;
			buildSettings = {
				ALWAYS_EMBED_SWIFT_STANDARD_LIBRARIES = YES;
				CODE_SIGN_STYLE = Automatic;
				INFOPLIST_FILE = tipUITests/Info.plist;
				LD_RUNPATH_SEARCH_PATHS = (
					"$(inherited)",
					"@executable_path/Frameworks",
					"@loader_path/Frameworks",
				);
				PRODUCT_BUNDLE_IDENTIFIER = Codepath.tipUITests;
				PRODUCT_NAME = "$(TARGET_NAME)";
				SWIFT_VERSION = 5.0;
				TARGETED_DEVICE_FAMILY = "1,2";
				TEST_TARGET_NAME = tip;
			};
			name = Debug;
		};
		BB85EFC624F31096004A6913 /* Release */ = {
			isa = XCBuildConfiguration;
			buildSettings = {
				ALWAYS_EMBED_SWIFT_STANDARD_LIBRARIES = YES;
				CODE_SIGN_STYLE = Automatic;
				INFOPLIST_FILE = tipUITests/Info.plist;
				LD_RUNPATH_SEARCH_PATHS = (
					"$(inherited)",
					"@executable_path/Frameworks",
					"@loader_path/Frameworks",
				);
				PRODUCT_BUNDLE_IDENTIFIER = Codepath.tipUITests;
				PRODUCT_NAME = "$(TARGET_NAME)";
				SWIFT_VERSION = 5.0;
				TARGETED_DEVICE_FAMILY = "1,2";
				TEST_TARGET_NAME = tip;
			};
			name = Release;
		};
/* End XCBuildConfiguration section */

/* Begin XCConfigurationList section */
		BB85EF8F24F3108C004A6913 /* Build configuration list for PBXProject "tip" */ = {
			isa = XCConfigurationList;
			buildConfigurations = (
				BB85EFBC24F31096004A6913 /* Debug */,
				BB85EFBD24F31096004A6913 /* Release */,
			);
			defaultConfigurationIsVisible = 0;
			defaultConfigurationName = Release;
		};
		BB85EFBE24F31096004A6913 /* Build configuration list for PBXNativeTarget "tip" */ = {
			isa = XCConfigurationList;
			buildConfigurations = (
				BB85EFBF24F31096004A6913 /* Debug */,
				BB85EFC024F31096004A6913 /* Release */,
			);
			defaultConfigurationIsVisible = 0;
			defaultConfigurationName = Release;
		};
		BB85EFC124F31096004A6913 /* Build configuration list for PBXNativeTarget "tipTests" */ = {
			isa = XCConfigurationList;
			buildConfigurations = (
				BB85EFC224F31096004A6913 /* Debug */,
				BB85EFC324F31096004A6913 /* Release */,
			);
			defaultConfigurationIsVisible = 0;
			defaultConfigurationName = Release;
		};
		BB85EFC424F31096004A6913 /* Build configuration list for PBXNativeTarget "tipUITests" */ = {
			isa = XCConfigurationList;
			buildConfigurations = (
				BB85EFC524F31096004A6913 /* Debug */,
				BB85EFC624F31096004A6913 /* Release */,
			);
			defaultConfigurationIsVisible = 0;
			defaultConfigurationName = Release;
		};
/* End XCConfigurationList section */
	};
	rootObject = BB85EF8C24F3108C004A6913 /* Project object */;
}
